// !$*UTF8*$!
{
	archiveVersion = 1;
	classes = {
	};
	objectVersion = 56;
	objects = {

/* Begin PBXBuildFile section */
		AABED5D02A08E2C30099873A /* ToDo2023App.swift in Sources */ = {isa = PBXBuildFile; fileRef = AABED5CF2A08E2C30099873A /* ToDo2023App.swift */; };
		AABED5D42A08E2C40099873A /* Assets.xcassets in Resources */ = {isa = PBXBuildFile; fileRef = AABED5D32A08E2C40099873A /* Assets.xcassets */; };
		AABED5D82A08E2C40099873A /* Preview Assets.xcassets in Resources */ = {isa = PBXBuildFile; fileRef = AABED5D72A08E2C40099873A /* Preview Assets.xcassets */; };
		AABED5E02A08E7720099873A /* Realm in Frameworks */ = {isa = PBXBuildFile; productRef = AABED5DF2A08E7720099873A /* Realm */; };
		AABED5E22A08E7720099873A /* RealmSwift in Frameworks */ = {isa = PBXBuildFile; productRef = AABED5E12A08E7720099873A /* RealmSwift */; };
		AABED5E82A08EBDF0099873A /* StatusButton.swift in Sources */ = {isa = PBXBuildFile; fileRef = AABED5E72A08EBDF0099873A /* StatusButton.swift */; };
		AABED5EA2A08EC1E0099873A /* RegistTaskButton.swift in Sources */ = {isa = PBXBuildFile; fileRef = AABED5E92A08EC1E0099873A /* RegistTaskButton.swift */; };
		AABED5EC2A08EC5B0099873A /* DeleteTaskButton.swift in Sources */ = {isa = PBXBuildFile; fileRef = AABED5EB2A08EC5B0099873A /* DeleteTaskButton.swift */; };
		AABED5EE2A08EC830099873A /* BackMark.swift in Sources */ = {isa = PBXBuildFile; fileRef = AABED5ED2A08EC830099873A /* BackMark.swift */; };
		AABED5F02A08ECB10099873A /* UpdateTaskButton.swift in Sources */ = {isa = PBXBuildFile; fileRef = AABED5EF2A08ECB10099873A /* UpdateTaskButton.swift */; };
		AABED5F22A08ECE30099873A /* ToDoModel.swift in Sources */ = {isa = PBXBuildFile; fileRef = AABED5F12A08ECE30099873A /* ToDoModel.swift */; };
		AABED5F72A08EDAE0099873A /* StatusBar.swift in Sources */ = {isa = PBXBuildFile; fileRef = AABED5F62A08EDAE0099873A /* StatusBar.swift */; };
		AABED5F92A08EDDD0099873A /* TaskDetail.swift in Sources */ = {isa = PBXBuildFile; fileRef = AABED5F82A08EDDD0099873A /* TaskDetail.swift */; };
		AABED5FB2A08EE120099873A /* ToDos.swift in Sources */ = {isa = PBXBuildFile; fileRef = AABED5FA2A08EE120099873A /* ToDos.swift */; };
		AABED5FD2A08EFDD0099873A /* ToDoButton.swift in Sources */ = {isa = PBXBuildFile; fileRef = AABED5FC2A08EFDD0099873A /* ToDoButton.swift */; };
		AABED5FF2A08F0210099873A /* DoneButton.swift in Sources */ = {isa = PBXBuildFile; fileRef = AABED5FE2A08F0210099873A /* DoneButton.swift */; };
		AABED6012A08F0310099873A /* NewButton.swift in Sources */ = {isa = PBXBuildFile; fileRef = AABED6002A08F0310099873A /* NewButton.swift */; };
		AABED6032A08F04C0099873A /* HomeView.swift in Sources */ = {isa = PBXBuildFile; fileRef = AABED6022A08F04C0099873A /* HomeView.swift */; };
		AABED6052A08F1AB0099873A /* RealmTask.swift in Sources */ = {isa = PBXBuildFile; fileRef = AABED6042A08F1AB0099873A /* RealmTask.swift */; };
		AABED6072A12164F0099873A /* APIModel.swift in Sources */ = {isa = PBXBuildFile; fileRef = AABED6062A12164F0099873A /* APIModel.swift */; };
		AABED6092A1216DB0099873A /* APIViewModel.swift in Sources */ = {isa = PBXBuildFile; fileRef = AABED6082A1216DB0099873A /* APIViewModel.swift */; };
		AABED60C2A1B3D250099873A /* OpenAISwift in Frameworks */ = {isa = PBXBuildFile; productRef = AABED60B2A1B3D250099873A /* OpenAISwift */; };
		AABED60E2A1B40220099873A /* OpenAIView.swift in Sources */ = {isa = PBXBuildFile; fileRef = AABED60D2A1B40220099873A /* OpenAIView.swift */; };
		AABED6122A1B53DF0099873A /* ToDoViewModel.swift in Sources */ = {isa = PBXBuildFile; fileRef = AABED6112A1B53DF0099873A /* ToDoViewModel.swift */; };
/* End PBXBuildFile section */

/* Begin PBXFileReference section */
		AABED5CC2A08E2C30099873A /* ToDo2023.app */ = {isa = PBXFileReference; explicitFileType = wrapper.application; includeInIndex = 0; path = ToDo2023.app; sourceTree = BUILT_PRODUCTS_DIR; };
		AABED5CF2A08E2C30099873A /* ToDo2023App.swift */ = {isa = PBXFileReference; lastKnownFileType = sourcecode.swift; path = ToDo2023App.swift; sourceTree = "<group>"; };
		AABED5D32A08E2C40099873A /* Assets.xcassets */ = {isa = PBXFileReference; lastKnownFileType = folder.assetcatalog; path = Assets.xcassets; sourceTree = "<group>"; };
		AABED5D52A08E2C40099873A /* ToDo2023.entitlements */ = {isa = PBXFileReference; lastKnownFileType = text.plist.entitlements; path = ToDo2023.entitlements; sourceTree = "<group>"; };
		AABED5D72A08E2C40099873A /* Preview Assets.xcassets */ = {isa = PBXFileReference; lastKnownFileType = folder.assetcatalog; path = "Preview Assets.xcassets"; sourceTree = "<group>"; };
		AABED5E72A08EBDF0099873A /* StatusButton.swift */ = {isa = PBXFileReference; lastKnownFileType = sourcecode.swift; path = StatusButton.swift; sourceTree = "<group>"; };
		AABED5E92A08EC1E0099873A /* RegistTaskButton.swift */ = {isa = PBXFileReference; lastKnownFileType = sourcecode.swift; path = RegistTaskButton.swift; sourceTree = "<group>"; };
		AABED5EB2A08EC5B0099873A /* DeleteTaskButton.swift */ = {isa = PBXFileReference; lastKnownFileType = sourcecode.swift; path = DeleteTaskButton.swift; sourceTree = "<group>"; };
		AABED5ED2A08EC830099873A /* BackMark.swift */ = {isa = PBXFileReference; lastKnownFileType = sourcecode.swift; path = BackMark.swift; sourceTree = "<group>"; };
		AABED5EF2A08ECB10099873A /* UpdateTaskButton.swift */ = {isa = PBXFileReference; lastKnownFileType = sourcecode.swift; path = UpdateTaskButton.swift; sourceTree = "<group>"; };
		AABED5F12A08ECE30099873A /* ToDoModel.swift */ = {isa = PBXFileReference; lastKnownFileType = sourcecode.swift; path = ToDoModel.swift; sourceTree = "<group>"; };
		AABED5F62A08EDAE0099873A /* StatusBar.swift */ = {isa = PBXFileReference; lastKnownFileType = sourcecode.swift; path = StatusBar.swift; sourceTree = "<group>"; };
		AABED5F82A08EDDD0099873A /* TaskDetail.swift */ = {isa = PBXFileReference; lastKnownFileType = sourcecode.swift; path = TaskDetail.swift; sourceTree = "<group>"; };
		AABED5FA2A08EE120099873A /* ToDos.swift */ = {isa = PBXFileReference; lastKnownFileType = sourcecode.swift; path = ToDos.swift; sourceTree = "<group>"; };
		AABED5FC2A08EFDD0099873A /* ToDoButton.swift */ = {isa = PBXFileReference; lastKnownFileType = sourcecode.swift; path = ToDoButton.swift; sourceTree = "<group>"; };
		AABED5FE2A08F0210099873A /* DoneButton.swift */ = {isa = PBXFileReference; lastKnownFileType = sourcecode.swift; path = DoneButton.swift; sourceTree = "<group>"; };
		AABED6002A08F0310099873A /* NewButton.swift */ = {isa = PBXFileReference; lastKnownFileType = sourcecode.swift; path = NewButton.swift; sourceTree = "<group>"; };
		AABED6022A08F04C0099873A /* HomeView.swift */ = {isa = PBXFileReference; lastKnownFileType = sourcecode.swift; path = HomeView.swift; sourceTree = "<group>"; };
		AABED6042A08F1AB0099873A /* RealmTask.swift */ = {isa = PBXFileReference; lastKnownFileType = sourcecode.swift; path = RealmTask.swift; sourceTree = "<group>"; };
		AABED6062A12164F0099873A /* APIModel.swift */ = {isa = PBXFileReference; lastKnownFileType = sourcecode.swift; path = APIModel.swift; sourceTree = "<group>"; };
		AABED6082A1216DB0099873A /* APIViewModel.swift */ = {isa = PBXFileReference; lastKnownFileType = sourcecode.swift; path = APIViewModel.swift; sourceTree = "<group>"; };
		AABED60D2A1B40220099873A /* OpenAIView.swift */ = {isa = PBXFileReference; lastKnownFileType = sourcecode.swift; path = OpenAIView.swift; sourceTree = "<group>"; };
		AABED6112A1B53DF0099873A /* ToDoViewModel.swift */ = {isa = PBXFileReference; lastKnownFileType = sourcecode.swift; path = ToDoViewModel.swift; sourceTree = "<group>"; };
/* End PBXFileReference section */

/* Begin PBXFrameworksBuildPhase section */
		AABED5C92A08E2C30099873A /* Frameworks */ = {
			isa = PBXFrameworksBuildPhase;
			buildActionMask = 2147483647;
			files = (
				AABED5E22A08E7720099873A /* RealmSwift in Frameworks */,
				AABED60C2A1B3D250099873A /* OpenAISwift in Frameworks */,
				AABED5E02A08E7720099873A /* Realm in Frameworks */,
			);
			runOnlyForDeploymentPostprocessing = 0;
		};
/* End PBXFrameworksBuildPhase section */

/* Begin PBXGroup section */
		AABED5C32A08E2C30099873A = {
			isa = PBXGroup;
			children = (
				AABED5CE2A08E2C30099873A /* ToDo2023 */,
				AABED5CD2A08E2C30099873A /* Products */,
			);
			sourceTree = "<group>";
		};
		AABED5CD2A08E2C30099873A /* Products */ = {
			isa = PBXGroup;
			children = (
				AABED5CC2A08E2C30099873A /* ToDo2023.app */,
			);
			name = Products;
			sourceTree = "<group>";
		};
		AABED5CE2A08E2C30099873A /* ToDo2023 */ = {
			isa = PBXGroup;
			children = (
				AABED5E52A08EA150099873A /* Model */,
				AABED5E32A08E9910099873A /* View */,
				AABED5E42A08E9E60099873A /* ViewModel */,
				AABED5CF2A08E2C30099873A /* ToDo2023App.swift */,
				AABED5D32A08E2C40099873A /* Assets.xcassets */,
				AABED5D52A08E2C40099873A /* ToDo2023.entitlements */,
				AABED5D62A08E2C40099873A /* Preview Content */,
			);
			path = ToDo2023;
			sourceTree = "<group>";
		};
		AABED5D62A08E2C40099873A /* Preview Content */ = {
			isa = PBXGroup;
			children = (
				AABED5D72A08E2C40099873A /* Preview Assets.xcassets */,
			);
			path = "Preview Content";
			sourceTree = "<group>";
		};
		AABED5E32A08E9910099873A /* View */ = {
			isa = PBXGroup;
			children = (
				AABED5F52A08ED7E0099873A /* Molecules */,
				AABED5E62A08EBCA0099873A /* Atom */,
				AABED5F82A08EDDD0099873A /* TaskDetail.swift */,
				AABED5FA2A08EE120099873A /* ToDos.swift */,
				AABED6022A08F04C0099873A /* HomeView.swift */,
				AABED60D2A1B40220099873A /* OpenAIView.swift */,
			);
			path = View;
			sourceTree = "<group>";
		};
		AABED5E42A08E9E60099873A /* ViewModel */ = {
			isa = PBXGroup;
			children = (
				AABED6082A1216DB0099873A /* APIViewModel.swift */,
				AABED6112A1B53DF0099873A /* ToDoViewModel.swift */,
			);
			path = ViewModel;
			sourceTree = "<group>";
		};
		AABED5E52A08EA150099873A /* Model */ = {
			isa = PBXGroup;
			children = (
				AABED5F12A08ECE30099873A /* ToDoModel.swift */,
				AABED6042A08F1AB0099873A /* RealmTask.swift */,
				AABED6062A12164F0099873A /* APIModel.swift */,
			);
			path = Model;
			sourceTree = "<group>";
		};
		AABED5E62A08EBCA0099873A /* Atom */ = {
			isa = PBXGroup;
			children = (
				AABED5E72A08EBDF0099873A /* StatusButton.swift */,
				AABED5E92A08EC1E0099873A /* RegistTaskButton.swift */,
				AABED5EB2A08EC5B0099873A /* DeleteTaskButton.swift */,
				AABED5ED2A08EC830099873A /* BackMark.swift */,
				AABED5EF2A08ECB10099873A /* UpdateTaskButton.swift */,
				AABED5FE2A08F0210099873A /* DoneButton.swift */,
				AABED6002A08F0310099873A /* NewButton.swift */,
			);
			path = Atom;
			sourceTree = "<group>";
		};
		AABED5F52A08ED7E0099873A /* Molecules */ = {
			isa = PBXGroup;
			children = (
				AABED5F62A08EDAE0099873A /* StatusBar.swift */,
				AABED5FC2A08EFDD0099873A /* ToDoButton.swift */,
			);
			path = Molecules;
			sourceTree = "<group>";
		};
/* End PBXGroup section */

/* Begin PBXNativeTarget section */
		AABED5CB2A08E2C30099873A /* ToDo2023 */ = {
			isa = PBXNativeTarget;
			buildConfigurationList = AABED5DB2A08E2C40099873A /* Build configuration list for PBXNativeTarget "ToDo2023" */;
			buildPhases = (
				AABED5C82A08E2C30099873A /* Sources */,
				AABED5C92A08E2C30099873A /* Frameworks */,
				AABED5CA2A08E2C30099873A /* Resources */,
			);
			buildRules = (
			);
			dependencies = (
			);
			name = ToDo2023;
			packageProductDependencies = (
				AABED5DF2A08E7720099873A /* Realm */,
				AABED5E12A08E7720099873A /* RealmSwift */,
				AABED60B2A1B3D250099873A /* OpenAISwift */,
			);
			productName = ToDo2023;
			productReference = AABED5CC2A08E2C30099873A /* ToDo2023.app */;
			productType = "com.apple.product-type.application";
		};
/* End PBXNativeTarget section */

/* Begin PBXProject section */
		AABED5C42A08E2C30099873A /* Project object */ = {
			isa = PBXProject;
			attributes = {
				BuildIndependentTargetsInParallel = 1;
				LastSwiftUpdateCheck = 1430;
				LastUpgradeCheck = 1430;
				TargetAttributes = {
					AABED5CB2A08E2C30099873A = {
						CreatedOnToolsVersion = 14.3;
					};
				};
			};
			buildConfigurationList = AABED5C72A08E2C30099873A /* Build configuration list for PBXProject "ToDo2023" */;
			compatibilityVersion = "Xcode 14.0";
			developmentRegion = en;
			hasScannedForEncodings = 0;
			knownRegions = (
				en,
				Base,
			);
			mainGroup = AABED5C32A08E2C30099873A;
			packageReferences = (
				AABED5DE2A08E7720099873A /* XCRemoteSwiftPackageReference "realm-swift" */,
				AABED60A2A1B3D250099873A /* XCRemoteSwiftPackageReference "OpenAISwift" */,
			);
			productRefGroup = AABED5CD2A08E2C30099873A /* Products */;
			projectDirPath = "";
			projectRoot = "";
			targets = (
				AABED5CB2A08E2C30099873A /* ToDo2023 */,
			);
		};
/* End PBXProject section */

/* Begin PBXResourcesBuildPhase section */
		AABED5CA2A08E2C30099873A /* Resources */ = {
			isa = PBXResourcesBuildPhase;
			buildActionMask = 2147483647;
			files = (
				AABED5D82A08E2C40099873A /* Preview Assets.xcassets in Resources */,
				AABED5D42A08E2C40099873A /* Assets.xcassets in Resources */,
			);
			runOnlyForDeploymentPostprocessing = 0;
		};
/* End PBXResourcesBuildPhase section */

/* Begin PBXSourcesBuildPhase section */
		AABED5C82A08E2C30099873A /* Sources */ = {
			isa = PBXSourcesBuildPhase;
			buildActionMask = 2147483647;
			files = (
				AABED60E2A1B40220099873A /* OpenAIView.swift in Sources */,
				AABED5F22A08ECE30099873A /* ToDoModel.swift in Sources */,
				AABED5EE2A08EC830099873A /* BackMark.swift in Sources */,
				AABED6012A08F0310099873A /* NewButton.swift in Sources */,
				AABED5F02A08ECB10099873A /* UpdateTaskButton.swift in Sources */,
				AABED6072A12164F0099873A /* APIModel.swift in Sources */,
				AABED5E82A08EBDF0099873A /* StatusButton.swift in Sources */,
				AABED5F92A08EDDD0099873A /* TaskDetail.swift in Sources */,
				AABED5F72A08EDAE0099873A /* StatusBar.swift in Sources */,
				AABED6122A1B53DF0099873A /* ToDoViewModel.swift in Sources */,
				AABED6092A1216DB0099873A /* APIViewModel.swift in Sources */,
				AABED5EA2A08EC1E0099873A /* RegistTaskButton.swift in Sources */,
				AABED5D02A08E2C30099873A /* ToDo2023App.swift in Sources */,
				AABED5EC2A08EC5B0099873A /* DeleteTaskButton.swift in Sources */,
				AABED5FF2A08F0210099873A /* DoneButton.swift in Sources */,
				AABED6032A08F04C0099873A /* HomeView.swift in Sources */,
				AABED5FB2A08EE120099873A /* ToDos.swift in Sources */,
				AABED6052A08F1AB0099873A /* RealmTask.swift in Sources */,
				AABED5FD2A08EFDD0099873A /* ToDoButton.swift in Sources */,
			);
			runOnlyForDeploymentPostprocessing = 0;
		};
/* End PBXSourcesBuildPhase section */

/* Begin XCBuildConfiguration section */
		AABED5D92A08E2C40099873A /* Debug */ = {
			isa = XCBuildConfiguration;
			buildSettings = {
				ALWAYS_SEARCH_USER_PATHS = NO;
				CLANG_ANALYZER_NONNULL = YES;
				CLANG_ANALYZER_NUMBER_OBJECT_CONVERSION = YES_AGGRESSIVE;
				CLANG_CXX_LANGUAGE_STANDARD = "gnu++20";
				CLANG_ENABLE_MODULES = YES;
				CLANG_ENABLE_OBJC_ARC = YES;
				CLANG_ENABLE_OBJC_WEAK = YES;
				CLANG_WARN_BLOCK_CAPTURE_AUTORELEASING = YES;
				CLANG_WARN_BOOL_CONVERSION = YES;
				CLANG_WARN_COMMA = YES;
				CLANG_WARN_CONSTANT_CONVERSION = YES;
				CLANG_WARN_DEPRECATED_OBJC_IMPLEMENTATIONS = YES;
				CLANG_WARN_DIRECT_OBJC_ISA_USAGE = YES_ERROR;
				CLANG_WARN_DOCUMENTATION_COMMENTS = YES;
				CLANG_WARN_EMPTY_BODY = YES;
				CLANG_WARN_ENUM_CONVERSION = YES;
				CLANG_WARN_INFINITE_RECURSION = YES;
				CLANG_WARN_INT_CONVERSION = YES;
				CLANG_WARN_NON_LITERAL_NULL_CONVERSION = YES;
				CLANG_WARN_OBJC_IMPLICIT_RETAIN_SELF = YES;
				CLANG_WARN_OBJC_LITERAL_CONVERSION = YES;
				CLANG_WARN_OBJC_ROOT_CLASS = YES_ERROR;
				CLANG_WARN_QUOTED_INCLUDE_IN_FRAMEWORK_HEADER = YES;
				CLANG_WARN_RANGE_LOOP_ANALYSIS = YES;
				CLANG_WARN_STRICT_PROTOTYPES = YES;
				CLANG_WARN_SUSPICIOUS_MOVE = YES;
				CLANG_WARN_UNGUARDED_AVAILABILITY = YES_AGGRESSIVE;
				CLANG_WARN_UNREACHABLE_CODE = YES;
				CLANG_WARN__DUPLICATE_METHOD_MATCH = YES;
				COPY_PHASE_STRIP = NO;
				DEBUG_INFORMATION_FORMAT = dwarf;
				ENABLE_STRICT_OBJC_MSGSEND = YES;
				ENABLE_TESTABILITY = YES;
				GCC_C_LANGUAGE_STANDARD = gnu11;
				GCC_DYNAMIC_NO_PIC = NO;
				GCC_NO_COMMON_BLOCKS = YES;
				GCC_OPTIMIZATION_LEVEL = 0;
				GCC_PREPROCESSOR_DEFINITIONS = (
					"DEBUG=1",
					"$(inherited)",
				);
				GCC_WARN_64_TO_32_BIT_CONVERSION = YES;
				GCC_WARN_ABOUT_RETURN_TYPE = YES_ERROR;
				GCC_WARN_UNDECLARED_SELECTOR = YES;
				GCC_WARN_UNINITIALIZED_AUTOS = YES_AGGRESSIVE;
				GCC_WARN_UNUSED_FUNCTION = YES;
				GCC_WARN_UNUSED_VARIABLE = YES;
				MTL_ENABLE_DEBUG_INFO = INCLUDE_SOURCE;
				MTL_FAST_MATH = YES;
				ONLY_ACTIVE_ARCH = YES;
				SWIFT_ACTIVE_COMPILATION_CONDITIONS = DEBUG;
				SWIFT_OPTIMIZATION_LEVEL = "-Onone";
			};
			name = Debug;
		};
		AABED5DA2A08E2C40099873A /* Release */ = {
			isa = XCBuildConfiguration;
			buildSettings = {
				ALWAYS_SEARCH_USER_PATHS = NO;
				CLANG_ANALYZER_NONNULL = YES;
				CLANG_ANALYZER_NUMBER_OBJECT_CONVERSION = YES_AGGRESSIVE;
				CLANG_CXX_LANGUAGE_STANDARD = "gnu++20";
				CLANG_ENABLE_MODULES = YES;
				CLANG_ENABLE_OBJC_ARC = YES;
				CLANG_ENABLE_OBJC_WEAK = YES;
				CLANG_WARN_BLOCK_CAPTURE_AUTORELEASING = YES;
				CLANG_WARN_BOOL_CONVERSION = YES;
				CLANG_WARN_COMMA = YES;
				CLANG_WARN_CONSTANT_CONVERSION = YES;
				CLANG_WARN_DEPRECATED_OBJC_IMPLEMENTATIONS = YES;
				CLANG_WARN_DIRECT_OBJC_ISA_USAGE = YES_ERROR;
				CLANG_WARN_DOCUMENTATION_COMMENTS = YES;
				CLANG_WARN_EMPTY_BODY = YES;
				CLANG_WARN_ENUM_CONVERSION = YES;
				CLANG_WARN_INFINITE_RECURSION = YES;
				CLANG_WARN_INT_CONVERSION = YES;
				CLANG_WARN_NON_LITERAL_NULL_CONVERSION = YES;
				CLANG_WARN_OBJC_IMPLICIT_RETAIN_SELF = YES;
				CLANG_WARN_OBJC_LITERAL_CONVERSION = YES;
				CLANG_WARN_OBJC_ROOT_CLASS = YES_ERROR;
				CLANG_WARN_QUOTED_INCLUDE_IN_FRAMEWORK_HEADER = YES;
				CLANG_WARN_RANGE_LOOP_ANALYSIS = YES;
				CLANG_WARN_STRICT_PROTOTYPES = YES;
				CLANG_WARN_SUSPICIOUS_MOVE = YES;
				CLANG_WARN_UNGUARDED_AVAILABILITY = YES_AGGRESSIVE;
				CLANG_WARN_UNREACHABLE_CODE = YES;
				CLANG_WARN__DUPLICATE_METHOD_MATCH = YES;
				COPY_PHASE_STRIP = NO;
				DEBUG_INFORMATION_FORMAT = "dwarf-with-dsym";
				ENABLE_NS_ASSERTIONS = NO;
				ENABLE_STRICT_OBJC_MSGSEND = YES;
				GCC_C_LANGUAGE_STANDARD = gnu11;
				GCC_NO_COMMON_BLOCKS = YES;
				GCC_WARN_64_TO_32_BIT_CONVERSION = YES;
				GCC_WARN_ABOUT_RETURN_TYPE = YES_ERROR;
				GCC_WARN_UNDECLARED_SELECTOR = YES;
				GCC_WARN_UNINITIALIZED_AUTOS = YES_AGGRESSIVE;
				GCC_WARN_UNUSED_FUNCTION = YES;
				GCC_WARN_UNUSED_VARIABLE = YES;
				MTL_ENABLE_DEBUG_INFO = NO;
				MTL_FAST_MATH = YES;
				SWIFT_COMPILATION_MODE = wholemodule;
				SWIFT_OPTIMIZATION_LEVEL = "-O";
			};
			name = Release;
		};
		AABED5DC2A08E2C40099873A /* Debug */ = {
			isa = XCBuildConfiguration;
			buildSettings = {
				ASSETCATALOG_COMPILER_APPICON_NAME = AppIcon;
				ASSETCATALOG_COMPILER_GLOBAL_ACCENT_COLOR_NAME = AccentColor;
				CODE_SIGN_ENTITLEMENTS = ToDo2023/ToDo2023.entitlements;
				CODE_SIGN_STYLE = Automatic;
				CURRENT_PROJECT_VERSION = 1;
				DEVELOPMENT_ASSET_PATHS = "\"ToDo2023/Preview Content\"";
				ENABLE_PREVIEWS = YES;
				GENERATE_INFOPLIST_FILE = YES;
				INFOPLIST_KEY_LSApplicationCategoryType = "public.app-category.lifestyle";
				"INFOPLIST_KEY_UIApplicationSceneManifest_Generation[sdk=iphoneos*]" = YES;
				"INFOPLIST_KEY_UIApplicationSceneManifest_Generation[sdk=iphonesimulator*]" = YES;
				"INFOPLIST_KEY_UIApplicationSupportsIndirectInputEvents[sdk=iphoneos*]" = YES;
				"INFOPLIST_KEY_UIApplicationSupportsIndirectInputEvents[sdk=iphonesimulator*]" = YES;
				"INFOPLIST_KEY_UILaunchScreen_Generation[sdk=iphoneos*]" = YES;
				"INFOPLIST_KEY_UILaunchScreen_Generation[sdk=iphonesimulator*]" = YES;
				"INFOPLIST_KEY_UIStatusBarStyle[sdk=iphoneos*]" = UIStatusBarStyleDefault;
				"INFOPLIST_KEY_UIStatusBarStyle[sdk=iphonesimulator*]" = UIStatusBarStyleDefault;
				INFOPLIST_KEY_UISupportedInterfaceOrientations_iPad = "UIInterfaceOrientationPortrait UIInterfaceOrientationPortraitUpsideDown UIInterfaceOrientationLandscapeLeft UIInterfaceOrientationLandscapeRight";
				INFOPLIST_KEY_UISupportedInterfaceOrientations_iPhone = "UIInterfaceOrientationPortrait UIInterfaceOrientationLandscapeLeft UIInterfaceOrientationLandscapeRight";
				IPHONEOS_DEPLOYMENT_TARGET = 16.4;
				LD_RUNPATH_SEARCH_PATHS = "@executable_path/Frameworks";
				"LD_RUNPATH_SEARCH_PATHS[sdk=macosx*]" = "@executable_path/../Frameworks";
				MACOSX_DEPLOYMENT_TARGET = 13.0;
				MARKETING_VERSION = 1.0;
				PRODUCT_BUNDLE_IDENTIFIER = com.mersakakey.ToDo2023;
				PRODUCT_NAME = "$(TARGET_NAME)";
				SDKROOT = auto;
				SUPPORTED_PLATFORMS = "iphoneos iphonesimulator macosx";
				SWIFT_EMIT_LOC_STRINGS = YES;
				SWIFT_VERSION = 5.0;
				TARGETED_DEVICE_FAMILY = "1,2";
			};
			name = Debug;
		};
		AABED5DD2A08E2C40099873A /* Release */ = {
			isa = XCBuildConfiguration;
			buildSettings = {
				ASSETCATALOG_COMPILER_APPICON_NAME = AppIcon;
				ASSETCATALOG_COMPILER_GLOBAL_ACCENT_COLOR_NAME = AccentColor;
				CODE_SIGN_ENTITLEMENTS = ToDo2023/ToDo2023.entitlements;
				CODE_SIGN_STYLE = Automatic;
				CURRENT_PROJECT_VERSION = 1;
				DEVELOPMENT_ASSET_PATHS = "\"ToDo2023/Preview Content\"";
				ENABLE_PREVIEWS = YES;
				GENERATE_INFOPLIST_FILE = YES;
				INFOPLIST_KEY_LSApplicationCategoryType = "public.app-category.lifestyle";
				"INFOPLIST_KEY_UIApplicationSceneManifest_Generation[sdk=iphoneos*]" = YES;
				"INFOPLIST_KEY_UIApplicationSceneManifest_Generation[sdk=iphonesimulator*]" = YES;
				"INFOPLIST_KEY_UIApplicationSupportsIndirectInputEvents[sdk=iphoneos*]" = YES;
				"INFOPLIST_KEY_UIApplicationSupportsIndirectInputEvents[sdk=iphonesimulator*]" = YES;
				"INFOPLIST_KEY_UILaunchScreen_Generation[sdk=iphoneos*]" = YES;
				"INFOPLIST_KEY_UILaunchScreen_Generation[sdk=iphonesimulator*]" = YES;
				"INFOPLIST_KEY_UIStatusBarStyle[sdk=iphoneos*]" = UIStatusBarStyleDefault;
				"INFOPLIST_KEY_UIStatusBarStyle[sdk=iphonesimulator*]" = UIStatusBarStyleDefault;
				INFOPLIST_KEY_UISupportedInterfaceOrientations_iPad = "UIInterfaceOrientationPortrait UIInterfaceOrientationPortraitUpsideDown UIInterfaceOrientationLandscapeLeft UIInterfaceOrientationLandscapeRight";
				INFOPLIST_KEY_UISupportedInterfaceOrientations_iPhone = "UIInterfaceOrientationPortrait UIInterfaceOrientationLandscapeLeft UIInterfaceOrientationLandscapeRight";
				IPHONEOS_DEPLOYMENT_TARGET = 16.4;
				LD_RUNPATH_SEARCH_PATHS = "@executable_path/Frameworks";
				"LD_RUNPATH_SEARCH_PATHS[sdk=macosx*]" = "@executable_path/../Frameworks";
				MACOSX_DEPLOYMENT_TARGET = 13.0;
				MARKETING_VERSION = 1.0;
				PRODUCT_BUNDLE_IDENTIFIER = com.mersakakey.ToDo2023;
				PRODUCT_NAME = "$(TARGET_NAME)";
				SDKROOT = auto;
				SUPPORTED_PLATFORMS = "iphoneos iphonesimulator macosx";
				SWIFT_EMIT_LOC_STRINGS = YES;
				SWIFT_VERSION = 5.0;
				TARGETED_DEVICE_FAMILY = "1,2";
			};
			name = Release;
		};
/* End XCBuildConfiguration section */

/* Begin XCConfigurationList section */
		AABED5C72A08E2C30099873A /* Build configuration list for PBXProject "ToDo2023" */ = {
			isa = XCConfigurationList;
			buildConfigurations = (
				AABED5D92A08E2C40099873A /* Debug */,
				AABED5DA2A08E2C40099873A /* Release */,
			);
			defaultConfigurationIsVisible = 0;
			defaultConfigurationName = Release;
		};
		AABED5DB2A08E2C40099873A /* Build configuration list for PBXNativeTarget "ToDo2023" */ = {
			isa = XCConfigurationList;
			buildConfigurations = (
				AABED5DC2A08E2C40099873A /* Debug */,
				AABED5DD2A08E2C40099873A /* Release */,
			);
			defaultConfigurationIsVisible = 0;
			defaultConfigurationName = Release;
		};
/* End XCConfigurationList section */

/* Begin XCRemoteSwiftPackageReference section */
		AABED5DE2A08E7720099873A /* XCRemoteSwiftPackageReference "realm-swift" */ = {
			isa = XCRemoteSwiftPackageReference;
			repositoryURL = "https://github.com/realm/realm-swift.git";
			requirement = {
				branch = master;
				kind = branch;
			};
		};
		AABED60A2A1B3D250099873A /* XCRemoteSwiftPackageReference "OpenAISwift" */ = {
			isa = XCRemoteSwiftPackageReference;
			repositoryURL = "https://github.com/adamrushy/OpenAISwift";
			requirement = {
				kind = upToNextMajorVersion;
				minimumVersion = 1.0.0;
			};
		};
/* End XCRemoteSwiftPackageReference section */

/* Begin XCSwiftPackageProductDependency section */
		AABED5DF2A08E7720099873A /* Realm */ = {
			isa = XCSwiftPackageProductDependency;
			package = AABED5DE2A08E7720099873A /* XCRemoteSwiftPackageReference "realm-swift" */;
			productName = Realm;
		};
		AABED5E12A08E7720099873A /* RealmSwift */ = {
			isa = XCSwiftPackageProductDependency;
			package = AABED5DE2A08E7720099873A /* XCRemoteSwiftPackageReference "realm-swift" */;
			productName = RealmSwift;
		};
		AABED60B2A1B3D250099873A /* OpenAISwift */ = {
			isa = XCSwiftPackageProductDependency;
			package = AABED60A2A1B3D250099873A /* XCRemoteSwiftPackageReference "OpenAISwift" */;
			productName = OpenAISwift;
		};
/* End XCSwiftPackageProductDependency section */
	};
	rootObject = AABED5C42A08E2C30099873A /* Project object */;
}
